
Microsoft Visual Studio Solution File, Format Version 12.00
# Visual Studio Version 16
VisualStudioVersion = 16.0.28922.388
MinimumVisualStudioVersion = 10.0.40219.1
Project("{FAE04EC0-301F-11D3-BF4B-00C04F79EFBC}") = "JGC.Android", "JGC\JGC.Android\JGC.Android.csproj", "{DC27C7D1-9D61-431E-978C-70149F6F04F5}"
EndProject
Project("{FAE04EC0-301F-11D3-BF4B-00C04F79EFBC}") = "JGC.iOS", "JGC\JGC.iOS\JGC.iOS.csproj", "{341D4117-DDF7-4D0E-BA95-4B85EB3C0104}"
EndProject
Project("{FAE04EC0-301F-11D3-BF4B-00C04F79EFBC}") = "JGC.UWP", "JGC\JGC.UWP\JGC.UWP.csproj", "{6C5AC7D6-8F24-4961-AC7B-27F902558CCD}"
EndProject
Project("{9A19103F-16F7-4668-BE54-9A1E7A4F7556}") = "JGC", "JGC\JGC\JGC.csproj", "{A8068659-D528-497C-A598-64F14BFA518D}"
EndProject
Project("{C7167F0D-BC9F-4E6E-AFE1-012C56B48DB5}") = "JGCUWP", "JGCUWP\JGCUWP.wapproj", "{7FC5E527-55DF-42E7-B3F0-816BB72FAE27}"
EndProject
Global
	GlobalSection(SolutionConfigurationPlatforms) = preSolution
		Ad-Hoc|Any CPU = Ad-Hoc|Any CPU
		Ad-Hoc|ARM = Ad-Hoc|ARM
		Ad-Hoc|ARM64 = Ad-Hoc|ARM64
		Ad-Hoc|iPhone = Ad-Hoc|iPhone
		Ad-Hoc|iPhoneSimulator = Ad-Hoc|iPhoneSimulator
		Ad-Hoc|x64 = Ad-Hoc|x64
		Ad-Hoc|x86 = Ad-Hoc|x86
		AppStore|Any CPU = AppStore|Any CPU
		AppStore|ARM = AppStore|ARM
		AppStore|ARM64 = AppStore|ARM64
		AppStore|iPhone = AppStore|iPhone
		AppStore|iPhoneSimulator = AppStore|iPhoneSimulator
		AppStore|x64 = AppStore|x64
		AppStore|x86 = AppStore|x86
		Debug|Any CPU = Debug|Any CPU
		Debug|ARM = Debug|ARM
		Debug|ARM64 = Debug|ARM64
		Debug|iPhone = Debug|iPhone
		Debug|iPhoneSimulator = Debug|iPhoneSimulator
		Debug|x64 = Debug|x64
		Debug|x86 = Debug|x86
		Release|Any CPU = Release|Any CPU
		Release|ARM = Release|ARM
		Release|ARM64 = Release|ARM64
		Release|iPhone = Release|iPhone
		Release|iPhoneSimulator = Release|iPhoneSimulator
		Release|x64 = Release|x64
		Release|x86 = Release|x86
	EndGlobalSection
	GlobalSection(ProjectConfigurationPlatforms) = postSolution
		{DC27C7D1-9D61-431E-978C-70149F6F04F5}.Ad-Hoc|Any CPU.ActiveCfg = Release|Any CPU
		{DC27C7D1-9D61-431E-978C-70149F6F04F5}.Ad-Hoc|Any CPU.Build.0 = Release|Any CPU
		{DC27C7D1-9D61-431E-978C-70149F6F04F5}.Ad-Hoc|Any CPU.Deploy.0 = Release|Any CPU
		{DC27C7D1-9D61-431E-978C-70149F6F04F5}.Ad-Hoc|ARM.ActiveCfg = Release|Any CPU
		{DC27C7D1-9D61-431E-978C-70149F6F04F5}.Ad-Hoc|ARM.Build.0 = Release|Any CPU
		{DC27C7D1-9D61-431E-978C-70149F6F04F5}.Ad-Hoc|ARM.Deploy.0 = Release|Any CPU
		{DC27C7D1-9D61-431E-978C-70149F6F04F5}.Ad-Hoc|ARM64.ActiveCfg = Debug|Any CPU
		{DC27C7D1-9D61-431E-978C-70149F6F04F5}.Ad-Hoc|ARM64.Build.0 = Debug|Any CPU
		{DC27C7D1-9D61-431E-978C-70149F6F04F5}.Ad-Hoc|ARM64.Deploy.0 = Debug|Any CPU
		{DC27C7D1-9D61-431E-978C-70149F6F04F5}.Ad-Hoc|iPhone.ActiveCfg = Release|Any CPU
		{DC27C7D1-9D61-431E-978C-70149F6F04F5}.Ad-Hoc|iPhone.Build.0 = Release|Any CPU
		{DC27C7D1-9D61-431E-978C-70149F6F04F5}.Ad-Hoc|iPhone.Deploy.0 = Release|Any CPU
		{DC27C7D1-9D61-431E-978C-70149F6F04F5}.Ad-Hoc|iPhoneSimulator.ActiveCfg = Release|Any CPU
		{DC27C7D1-9D61-431E-978C-70149F6F04F5}.Ad-Hoc|iPhoneSimulator.Build.0 = Release|Any CPU
		{DC27C7D1-9D61-431E-978C-70149F6F04F5}.Ad-Hoc|iPhoneSimulator.Deploy.0 = Release|Any CPU
		{DC27C7D1-9D61-431E-978C-70149F6F04F5}.Ad-Hoc|x64.ActiveCfg = Release|Any CPU
		{DC27C7D1-9D61-431E-978C-70149F6F04F5}.Ad-Hoc|x64.Build.0 = Release|Any CPU
		{DC27C7D1-9D61-431E-978C-70149F6F04F5}.Ad-Hoc|x64.Deploy.0 = Release|Any CPU
		{DC27C7D1-9D61-431E-978C-70149F6F04F5}.Ad-Hoc|x86.ActiveCfg = Release|Any CPU
		{DC27C7D1-9D61-431E-978C-70149F6F04F5}.Ad-Hoc|x86.Build.0 = Release|Any CPU
		{DC27C7D1-9D61-431E-978C-70149F6F04F5}.Ad-Hoc|x86.Deploy.0 = Release|Any CPU
		{DC27C7D1-9D61-431E-978C-70149F6F04F5}.AppStore|Any CPU.ActiveCfg = Release|Any CPU
		{DC27C7D1-9D61-431E-978C-70149F6F04F5}.AppStore|Any CPU.Build.0 = Release|Any CPU
		{DC27C7D1-9D61-431E-978C-70149F6F04F5}.AppStore|Any CPU.Deploy.0 = Release|Any CPU
		{DC27C7D1-9D61-431E-978C-70149F6F04F5}.AppStore|ARM.ActiveCfg = Release|Any CPU
		{DC27C7D1-9D61-431E-978C-70149F6F04F5}.AppStore|ARM.Build.0 = Release|Any CPU
		{DC27C7D1-9D61-431E-978C-70149F6F04F5}.AppStore|ARM.Deploy.0 = Release|Any CPU
		{DC27C7D1-9D61-431E-978C-70149F6F04F5}.AppStore|ARM64.ActiveCfg = Debug|Any CPU
		{DC27C7D1-9D61-431E-978C-70149F6F04F5}.AppStore|ARM64.Build.0 = Debug|Any CPU
		{DC27C7D1-9D61-431E-978C-70149F6F04F5}.AppStore|ARM64.Deploy.0 = Debug|Any CPU
		{DC27C7D1-9D61-431E-978C-70149F6F04F5}.AppStore|iPhone.ActiveCfg = Release|Any CPU
		{DC27C7D1-9D61-431E-978C-70149F6F04F5}.AppStore|iPhone.Build.0 = Release|Any CPU
		{DC27C7D1-9D61-431E-978C-70149F6F04F5}.AppStore|iPhone.Deploy.0 = Release|Any CPU
		{DC27C7D1-9D61-431E-978C-70149F6F04F5}.AppStore|iPhoneSimulator.ActiveCfg = Release|Any CPU
		{DC27C7D1-9D61-431E-978C-70149F6F04F5}.AppStore|iPhoneSimulator.Build.0 = Release|Any CPU
		{DC27C7D1-9D61-431E-978C-70149F6F04F5}.AppStore|iPhoneSimulator.Deploy.0 = Release|Any CPU
		{DC27C7D1-9D61-431E-978C-70149F6F04F5}.AppStore|x64.ActiveCfg = Release|Any CPU
		{DC27C7D1-9D61-431E-978C-70149F6F04F5}.AppStore|x64.Build.0 = Release|Any CPU
		{DC27C7D1-9D61-431E-978C-70149F6F04F5}.AppStore|x64.Deploy.0 = Release|Any CPU
		{DC27C7D1-9D61-431E-978C-70149F6F04F5}.AppStore|x86.ActiveCfg = Release|Any CPU
		{DC27C7D1-9D61-431E-978C-70149F6F04F5}.AppStore|x86.Build.0 = Release|Any CPU
		{DC27C7D1-9D61-431E-978C-70149F6F04F5}.AppStore|x86.Deploy.0 = Release|Any CPU
		{DC27C7D1-9D61-431E-978C-70149F6F04F5}.Debug|Any CPU.ActiveCfg = Debug|Any CPU
		{DC27C7D1-9D61-431E-978C-70149F6F04F5}.Debug|Any CPU.Build.0 = Debug|Any CPU
		{DC27C7D1-9D61-431E-978C-70149F6F04F5}.Debug|Any CPU.Deploy.0 = Debug|Any CPU
		{DC27C7D1-9D61-431E-978C-70149F6F04F5}.Debug|ARM.ActiveCfg = Debug|Any CPU
		{DC27C7D1-9D61-431E-978C-70149F6F04F5}.Debug|ARM.Build.0 = Debug|Any CPU
		{DC27C7D1-9D61-431E-978C-70149F6F04F5}.Debug|ARM.Deploy.0 = Debug|Any CPU
		{DC27C7D1-9D61-431E-978C-70149F6F04F5}.Debug|ARM64.ActiveCfg = Debug|Any CPU
		{DC27C7D1-9D61-431E-978C-70149F6F04F5}.Debug|ARM64.Build.0 = Debug|Any CPU
		{DC27C7D1-9D61-431E-978C-70149F6F04F5}.Debug|ARM64.Deploy.0 = Debug|Any CPU
		{DC27C7D1-9D61-431E-978C-70149F6F04F5}.Debug|iPhone.ActiveCfg = Debug|Any CPU
		{DC27C7D1-9D61-431E-978C-70149F6F04F5}.Debug|iPhone.Build.0 = Debug|Any CPU
		{DC27C7D1-9D61-431E-978C-70149F6F04F5}.Debug|iPhone.Deploy.0 = Debug|Any CPU
		{DC27C7D1-9D61-431E-978C-70149F6F04F5}.Debug|iPhoneSimulator.ActiveCfg = Debug|Any CPU
		{DC27C7D1-9D61-431E-978C-70149F6F04F5}.Debug|iPhoneSimulator.Build.0 = Debug|Any CPU
		{DC27C7D1-9D61-431E-978C-70149F6F04F5}.Debug|iPhoneSimulator.Deploy.0 = Debug|Any CPU
		{DC27C7D1-9D61-431E-978C-70149F6F04F5}.Debug|x64.ActiveCfg = Debug|Any CPU
		{DC27C7D1-9D61-431E-978C-70149F6F04F5}.Debug|x64.Build.0 = Debug|Any CPU
		{DC27C7D1-9D61-431E-978C-70149F6F04F5}.Debug|x64.Deploy.0 = Debug|Any CPU
		{DC27C7D1-9D61-431E-978C-70149F6F04F5}.Debug|x86.ActiveCfg = Debug|Any CPU
		{DC27C7D1-9D61-431E-978C-70149F6F04F5}.Debug|x86.Build.0 = Debug|Any CPU
		{DC27C7D1-9D61-431E-978C-70149F6F04F5}.Debug|x86.Deploy.0 = Debug|Any CPU
		{DC27C7D1-9D61-431E-978C-70149F6F04F5}.Release|Any CPU.ActiveCfg = Release|Any CPU
		{DC27C7D1-9D61-431E-978C-70149F6F04F5}.Release|Any CPU.Build.0 = Release|Any CPU
		{DC27C7D1-9D61-431E-978C-70149F6F04F5}.Release|Any CPU.Deploy.0 = Release|Any CPU
		{DC27C7D1-9D61-431E-978C-70149F6F04F5}.Release|ARM.ActiveCfg = Release|Any CPU
		{DC27C7D1-9D61-431E-978C-70149F6F04F5}.Release|ARM.Build.0 = Release|Any CPU
		{DC27C7D1-9D61-431E-978C-70149F6F04F5}.Release|ARM.Deploy.0 = Release|Any CPU
		{DC27C7D1-9D61-431E-978C-70149F6F04F5}.Release|ARM64.ActiveCfg = Release|Any CPU
		{DC27C7D1-9D61-431E-978C-70149F6F04F5}.Release|ARM64.Build.0 = Release|Any CPU
		{DC27C7D1-9D61-431E-978C-70149F6F04F5}.Release|ARM64.Deploy.0 = Release|Any CPU
		{DC27C7D1-9D61-431E-978C-70149F6F04F5}.Release|iPhone.ActiveCfg = Release|Any CPU
		{DC27C7D1-9D61-431E-978C-70149F6F04F5}.Release|iPhone.Build.0 = Release|Any CPU
		{DC27C7D1-9D61-431E-978C-70149F6F04F5}.Release|iPhone.Deploy.0 = Release|Any CPU
		{DC27C7D1-9D61-431E-978C-70149F6F04F5}.Release|iPhoneSimulator.ActiveCfg = Release|Any CPU
		{DC27C7D1-9D61-431E-978C-70149F6F04F5}.Release|iPhoneSimulator.Build.0 = Release|Any CPU
		{DC27C7D1-9D61-431E-978C-70149F6F04F5}.Release|iPhoneSimulator.Deploy.0 = Release|Any CPU
		{DC27C7D1-9D61-431E-978C-70149F6F04F5}.Release|x64.ActiveCfg = Release|Any CPU
		{DC27C7D1-9D61-431E-978C-70149F6F04F5}.Release|x64.Build.0 = Release|Any CPU
		{DC27C7D1-9D61-431E-978C-70149F6F04F5}.Release|x64.Deploy.0 = Release|Any CPU
		{DC27C7D1-9D61-431E-978C-70149F6F04F5}.Release|x86.ActiveCfg = Release|Any CPU
		{DC27C7D1-9D61-431E-978C-70149F6F04F5}.Release|x86.Build.0 = Release|Any CPU
		{DC27C7D1-9D61-431E-978C-70149F6F04F5}.Release|x86.Deploy.0 = Release|Any CPU
		{341D4117-DDF7-4D0E-BA95-4B85EB3C0104}.Ad-Hoc|Any CPU.ActiveCfg = Ad-Hoc|iPhone
		{341D4117-DDF7-4D0E-BA95-4B85EB3C0104}.Ad-Hoc|Any CPU.Build.0 = Ad-Hoc|iPhone
		{341D4117-DDF7-4D0E-BA95-4B85EB3C0104}.Ad-Hoc|Any CPU.Deploy.0 = Ad-Hoc|iPhone
		{341D4117-DDF7-4D0E-BA95-4B85EB3C0104}.Ad-Hoc|ARM.ActiveCfg = Ad-Hoc|iPhone
		{341D4117-DDF7-4D0E-BA95-4B85EB3C0104}.Ad-Hoc|ARM.Build.0 = Ad-Hoc|iPhone
		{341D4117-DDF7-4D0E-BA95-4B85EB3C0104}.Ad-Hoc|ARM.Deploy.0 = Ad-Hoc|iPhone
		{341D4117-DDF7-4D0E-BA95-4B85EB3C0104}.Ad-Hoc|ARM64.ActiveCfg = Ad-Hoc|iPhoneSimulator
		{341D4117-DDF7-4D0E-BA95-4B85EB3C0104}.Ad-Hoc|iPhone.ActiveCfg = Ad-Hoc|iPhone
		{341D4117-DDF7-4D0E-BA95-4B85EB3C0104}.Ad-Hoc|iPhone.Build.0 = Ad-Hoc|iPhone
		{341D4117-DDF7-4D0E-BA95-4B85EB3C0104}.Ad-Hoc|iPhone.Deploy.0 = Ad-Hoc|iPhone
		{341D4117-DDF7-4D0E-BA95-4B85EB3C0104}.Ad-Hoc|iPhoneSimulator.ActiveCfg = Ad-Hoc|iPhoneSimulator
		{341D4117-DDF7-4D0E-BA95-4B85EB3C0104}.Ad-Hoc|iPhoneSimulator.Build.0 = Ad-Hoc|iPhoneSimulator
		{341D4117-DDF7-4D0E-BA95-4B85EB3C0104}.Ad-Hoc|iPhoneSimulator.Deploy.0 = Ad-Hoc|iPhoneSimulator
		{341D4117-DDF7-4D0E-BA95-4B85EB3C0104}.Ad-Hoc|x64.ActiveCfg = Ad-Hoc|iPhone
		{341D4117-DDF7-4D0E-BA95-4B85EB3C0104}.Ad-Hoc|x64.Build.0 = Ad-Hoc|iPhone
		{341D4117-DDF7-4D0E-BA95-4B85EB3C0104}.Ad-Hoc|x64.Deploy.0 = Ad-Hoc|iPhone
		{341D4117-DDF7-4D0E-BA95-4B85EB3C0104}.Ad-Hoc|x86.ActiveCfg = Ad-Hoc|iPhone
		{341D4117-DDF7-4D0E-BA95-4B85EB3C0104}.Ad-Hoc|x86.Build.0 = Ad-Hoc|iPhone
		{341D4117-DDF7-4D0E-BA95-4B85EB3C0104}.Ad-Hoc|x86.Deploy.0 = Ad-Hoc|iPhone
		{341D4117-DDF7-4D0E-BA95-4B85EB3C0104}.AppStore|Any CPU.ActiveCfg = AppStore|iPhone
		{341D4117-DDF7-4D0E-BA95-4B85EB3C0104}.AppStore|Any CPU.Build.0 = AppStore|iPhone
		{341D4117-DDF7-4D0E-BA95-4B85EB3C0104}.AppStore|Any CPU.Deploy.0 = AppStore|iPhone
		{341D4117-DDF7-4D0E-BA95-4B85EB3C0104}.AppStore|ARM.ActiveCfg = AppStore|iPhone
		{341D4117-DDF7-4D0E-BA95-4B85EB3C0104}.AppStore|ARM.Build.0 = AppStore|iPhone
		{341D4117-DDF7-4D0E-BA95-4B85EB3C0104}.AppStore|ARM.Deploy.0 = AppStore|iPhone
		{341D4117-DDF7-4D0E-BA95-4B85EB3C0104}.AppStore|ARM64.ActiveCfg = AppStore|iPhoneSimulator
		{341D4117-DDF7-4D0E-BA95-4B85EB3C0104}.AppStore|iPhone.ActiveCfg = AppStore|iPhone
		{341D4117-DDF7-4D0E-BA95-4B85EB3C0104}.AppStore|iPhone.Build.0 = AppStore|iPhone
		{341D4117-DDF7-4D0E-BA95-4B85EB3C0104}.AppStore|iPhone.Deploy.0 = AppStore|iPhone
		{341D4117-DDF7-4D0E-BA95-4B85EB3C0104}.AppStore|iPhoneSimulator.ActiveCfg = AppStore|iPhoneSimulator
		{341D4117-DDF7-4D0E-BA95-4B85EB3C0104}.AppStore|iPhoneSimulator.Build.0 = AppStore|iPhoneSimulator
		{341D4117-DDF7-4D0E-BA95-4B85EB3C0104}.AppStore|iPhoneSimulator.Deploy.0 = AppStore|iPhoneSimulator
		{341D4117-DDF7-4D0E-BA95-4B85EB3C0104}.AppStore|x64.ActiveCfg = AppStore|iPhone
		{341D4117-DDF7-4D0E-BA95-4B85EB3C0104}.AppStore|x64.Build.0 = AppStore|iPhone
		{341D4117-DDF7-4D0E-BA95-4B85EB3C0104}.AppStore|x64.Deploy.0 = AppStore|iPhone
		{341D4117-DDF7-4D0E-BA95-4B85EB3C0104}.AppStore|x86.ActiveCfg = AppStore|iPhone
		{341D4117-DDF7-4D0E-BA95-4B85EB3C0104}.AppStore|x86.Build.0 = AppStore|iPhone
		{341D4117-DDF7-4D0E-BA95-4B85EB3C0104}.AppStore|x86.Deploy.0 = AppStore|iPhone
		{341D4117-DDF7-4D0E-BA95-4B85EB3C0104}.Debug|Any CPU.ActiveCfg = Debug|iPhoneSimulator
		{341D4117-DDF7-4D0E-BA95-4B85EB3C0104}.Debug|Any CPU.Deploy.0 = Debug|iPhoneSimulator
		{341D4117-DDF7-4D0E-BA95-4B85EB3C0104}.Debug|ARM.ActiveCfg = Debug|iPhone
		{341D4117-DDF7-4D0E-BA95-4B85EB3C0104}.Debug|ARM.Build.0 = Debug|iPhone
		{341D4117-DDF7-4D0E-BA95-4B85EB3C0104}.Debug|ARM.Deploy.0 = Debug|iPhone
		{341D4117-DDF7-4D0E-BA95-4B85EB3C0104}.Debug|ARM64.ActiveCfg = Debug|iPhone
		{341D4117-DDF7-4D0E-BA95-4B85EB3C0104}.Debug|iPhone.ActiveCfg = Debug|iPhone
		{341D4117-DDF7-4D0E-BA95-4B85EB3C0104}.Debug|iPhone.Build.0 = Debug|iPhone
		{341D4117-DDF7-4D0E-BA95-4B85EB3C0104}.Debug|iPhone.Deploy.0 = Debug|iPhone
		{341D4117-DDF7-4D0E-BA95-4B85EB3C0104}.Debug|iPhoneSimulator.ActiveCfg = Debug|iPhoneSimulator
		{341D4117-DDF7-4D0E-BA95-4B85EB3C0104}.Debug|iPhoneSimulator.Build.0 = Debug|iPhoneSimulator
		{341D4117-DDF7-4D0E-BA95-4B85EB3C0104}.Debug|iPhoneSimulator.Deploy.0 = Debug|iPhoneSimulator
		{341D4117-DDF7-4D0E-BA95-4B85EB3C0104}.Debug|x64.ActiveCfg = Debug|iPhone
		{341D4117-DDF7-4D0E-BA95-4B85EB3C0104}.Debug|x64.Build.0 = Debug|iPhone
		{341D4117-DDF7-4D0E-BA95-4B85EB3C0104}.Debug|x64.Deploy.0 = Debug|iPhone
		{341D4117-DDF7-4D0E-BA95-4B85EB3C0104}.Debug|x86.ActiveCfg = Debug|iPhone
		{341D4117-DDF7-4D0E-BA95-4B85EB3C0104}.Debug|x86.Build.0 = Debug|iPhone
		{341D4117-DDF7-4D0E-BA95-4B85EB3C0104}.Debug|x86.Deploy.0 = Debug|iPhone
		{341D4117-DDF7-4D0E-BA95-4B85EB3C0104}.Release|Any CPU.ActiveCfg = Release|iPhone
		{341D4117-DDF7-4D0E-BA95-4B85EB3C0104}.Release|Any CPU.Build.0 = Release|iPhone
		{341D4117-DDF7-4D0E-BA95-4B85EB3C0104}.Release|Any CPU.Deploy.0 = Release|iPhone
		{341D4117-DDF7-4D0E-BA95-4B85EB3C0104}.Release|ARM.ActiveCfg = Release|iPhone
		{341D4117-DDF7-4D0E-BA95-4B85EB3C0104}.Release|ARM.Build.0 = Release|iPhone
		{341D4117-DDF7-4D0E-BA95-4B85EB3C0104}.Release|ARM.Deploy.0 = Release|iPhone
		{341D4117-DDF7-4D0E-BA95-4B85EB3C0104}.Release|ARM64.ActiveCfg = Release|iPhoneSimulator
		{341D4117-DDF7-4D0E-BA95-4B85EB3C0104}.Release|iPhone.ActiveCfg = Release|iPhone
		{341D4117-DDF7-4D0E-BA95-4B85EB3C0104}.Release|iPhone.Build.0 = Release|iPhone
		{341D4117-DDF7-4D0E-BA95-4B85EB3C0104}.Release|iPhone.Deploy.0 = Release|iPhone
		{341D4117-DDF7-4D0E-BA95-4B85EB3C0104}.Release|iPhoneSimulator.ActiveCfg = Release|iPhoneSimulator
		{341D4117-DDF7-4D0E-BA95-4B85EB3C0104}.Release|iPhoneSimulator.Build.0 = Release|iPhoneSimulator
		{341D4117-DDF7-4D0E-BA95-4B85EB3C0104}.Release|iPhoneSimulator.Deploy.0 = Release|iPhoneSimulator
		{341D4117-DDF7-4D0E-BA95-4B85EB3C0104}.Release|x64.ActiveCfg = Release|iPhone
		{341D4117-DDF7-4D0E-BA95-4B85EB3C0104}.Release|x64.Build.0 = Release|iPhone
		{341D4117-DDF7-4D0E-BA95-4B85EB3C0104}.Release|x64.Deploy.0 = Release|iPhone
		{341D4117-DDF7-4D0E-BA95-4B85EB3C0104}.Release|x86.ActiveCfg = Release|iPhone
		{341D4117-DDF7-4D0E-BA95-4B85EB3C0104}.Release|x86.Build.0 = Release|iPhone
		{341D4117-DDF7-4D0E-BA95-4B85EB3C0104}.Release|x86.Deploy.0 = Release|iPhone
		{6C5AC7D6-8F24-4961-AC7B-27F902558CCD}.Ad-Hoc|Any CPU.ActiveCfg = Release|x86
		{6C5AC7D6-8F24-4961-AC7B-27F902558CCD}.Ad-Hoc|Any CPU.Build.0 = Release|x86
		{6C5AC7D6-8F24-4961-AC7B-27F902558CCD}.Ad-Hoc|Any CPU.Deploy.0 = Release|x86
		{6C5AC7D6-8F24-4961-AC7B-27F902558CCD}.Ad-Hoc|ARM.ActiveCfg = Release|ARM
		{6C5AC7D6-8F24-4961-AC7B-27F902558CCD}.Ad-Hoc|ARM.Build.0 = Release|ARM
		{6C5AC7D6-8F24-4961-AC7B-27F902558CCD}.Ad-Hoc|ARM.Deploy.0 = Release|ARM
		{6C5AC7D6-8F24-4961-AC7B-27F902558CCD}.Ad-Hoc|ARM64.ActiveCfg = Debug|x64
		{6C5AC7D6-8F24-4961-AC7B-27F902558CCD}.Ad-Hoc|ARM64.Build.0 = Debug|x64
		{6C5AC7D6-8F24-4961-AC7B-27F902558CCD}.Ad-Hoc|ARM64.Deploy.0 = Debug|x64
		{6C5AC7D6-8F24-4961-AC7B-27F902558CCD}.Ad-Hoc|iPhone.ActiveCfg = Release|x86
		{6C5AC7D6-8F24-4961-AC7B-27F902558CCD}.Ad-Hoc|iPhone.Build.0 = Release|x86
		{6C5AC7D6-8F24-4961-AC7B-27F902558CCD}.Ad-Hoc|iPhone.Deploy.0 = Release|x86
		{6C5AC7D6-8F24-4961-AC7B-27F902558CCD}.Ad-Hoc|iPhoneSimulator.ActiveCfg = Release|x86
		{6C5AC7D6-8F24-4961-AC7B-27F902558CCD}.Ad-Hoc|iPhoneSimulator.Build.0 = Release|x86
		{6C5AC7D6-8F24-4961-AC7B-27F902558CCD}.Ad-Hoc|iPhoneSimulator.Deploy.0 = Release|x86
		{6C5AC7D6-8F24-4961-AC7B-27F902558CCD}.Ad-Hoc|x64.ActiveCfg = Release|x64
		{6C5AC7D6-8F24-4961-AC7B-27F902558CCD}.Ad-Hoc|x64.Build.0 = Release|x64
		{6C5AC7D6-8F24-4961-AC7B-27F902558CCD}.Ad-Hoc|x64.Deploy.0 = Release|x64
		{6C5AC7D6-8F24-4961-AC7B-27F902558CCD}.Ad-Hoc|x86.ActiveCfg = Release|x86
		{6C5AC7D6-8F24-4961-AC7B-27F902558CCD}.Ad-Hoc|x86.Build.0 = Release|x86
		{6C5AC7D6-8F24-4961-AC7B-27F902558CCD}.Ad-Hoc|x86.Deploy.0 = Release|x86
		{6C5AC7D6-8F24-4961-AC7B-27F902558CCD}.AppStore|Any CPU.ActiveCfg = Release|x86
		{6C5AC7D6-8F24-4961-AC7B-27F902558CCD}.AppStore|Any CPU.Build.0 = Release|x86
		{6C5AC7D6-8F24-4961-AC7B-27F902558CCD}.AppStore|Any CPU.Deploy.0 = Release|x86
		{6C5AC7D6-8F24-4961-AC7B-27F902558CCD}.AppStore|ARM.ActiveCfg = Release|ARM
		{6C5AC7D6-8F24-4961-AC7B-27F902558CCD}.AppStore|ARM.Build.0 = Release|ARM
		{6C5AC7D6-8F24-4961-AC7B-27F902558CCD}.AppStore|ARM.Deploy.0 = Release|ARM
		{6C5AC7D6-8F24-4961-AC7B-27F902558CCD}.AppStore|ARM64.ActiveCfg = Debug|x64
		{6C5AC7D6-8F24-4961-AC7B-27F902558CCD}.AppStore|ARM64.Build.0 = Debug|x64
		{6C5AC7D6-8F24-4961-AC7B-27F902558CCD}.AppStore|ARM64.Deploy.0 = Debug|x64
		{6C5AC7D6-8F24-4961-AC7B-27F902558CCD}.AppStore|iPhone.ActiveCfg = Release|x86
		{6C5AC7D6-8F24-4961-AC7B-27F902558CCD}.AppStore|iPhone.Build.0 = Release|x86
		{6C5AC7D6-8F24-4961-AC7B-27F902558CCD}.AppStore|iPhone.Deploy.0 = Release|x86
		{6C5AC7D6-8F24-4961-AC7B-27F902558CCD}.AppStore|iPhoneSimulator.ActiveCfg = Release|x86
		{6C5AC7D6-8F24-4961-AC7B-27F902558CCD}.AppStore|iPhoneSimulator.Build.0 = Release|x86
		{6C5AC7D6-8F24-4961-AC7B-27F902558CCD}.AppStore|iPhoneSimulator.Deploy.0 = Release|x86
		{6C5AC7D6-8F24-4961-AC7B-27F902558CCD}.AppStore|x64.ActiveCfg = Release|x64
		{6C5AC7D6-8F24-4961-AC7B-27F902558CCD}.AppStore|x64.Build.0 = Release|x64
		{6C5AC7D6-8F24-4961-AC7B-27F902558CCD}.AppStore|x64.Deploy.0 = Release|x64
		{6C5AC7D6-8F24-4961-AC7B-27F902558CCD}.AppStore|x86.ActiveCfg = Release|x86
		{6C5AC7D6-8F24-4961-AC7B-27F902558CCD}.AppStore|x86.Build.0 = Release|x86
		{6C5AC7D6-8F24-4961-AC7B-27F902558CCD}.AppStore|x86.Deploy.0 = Release|x86
		{6C5AC7D6-8F24-4961-AC7B-27F902558CCD}.Debug|Any CPU.ActiveCfg = Debug|x86
		{6C5AC7D6-8F24-4961-AC7B-27F902558CCD}.Debug|Any CPU.Build.0 = Debug|x86
		{6C5AC7D6-8F24-4961-AC7B-27F902558CCD}.Debug|Any CPU.Deploy.0 = Debug|x86
		{6C5AC7D6-8F24-4961-AC7B-27F902558CCD}.Debug|ARM.ActiveCfg = Debug|ARM
		{6C5AC7D6-8F24-4961-AC7B-27F902558CCD}.Debug|ARM.Build.0 = Debug|ARM
		{6C5AC7D6-8F24-4961-AC7B-27F902558CCD}.Debug|ARM.Deploy.0 = Debug|ARM
		{6C5AC7D6-8F24-4961-AC7B-27F902558CCD}.Debug|ARM64.ActiveCfg = Debug|x86
		{6C5AC7D6-8F24-4961-AC7B-27F902558CCD}.Debug|iPhone.ActiveCfg = Debug|x86
		{6C5AC7D6-8F24-4961-AC7B-27F902558CCD}.Debug|iPhone.Build.0 = Debug|x86
		{6C5AC7D6-8F24-4961-AC7B-27F902558CCD}.Debug|iPhone.Deploy.0 = Debug|x86
		{6C5AC7D6-8F24-4961-AC7B-27F902558CCD}.Debug|iPhoneSimulator.ActiveCfg = Debug|x86
		{6C5AC7D6-8F24-4961-AC7B-27F902558CCD}.Debug|iPhoneSimulator.Build.0 = Debug|x86
		{6C5AC7D6-8F24-4961-AC7B-27F902558CCD}.Debug|iPhoneSimulator.Deploy.0 = Debug|x86
		{6C5AC7D6-8F24-4961-AC7B-27F902558CCD}.Debug|x64.ActiveCfg = Debug|x64
		{6C5AC7D6-8F24-4961-AC7B-27F902558CCD}.Debug|x64.Build.0 = Debug|x64
		{6C5AC7D6-8F24-4961-AC7B-27F902558CCD}.Debug|x64.Deploy.0 = Debug|x64
		{6C5AC7D6-8F24-4961-AC7B-27F902558CCD}.Debug|x86.ActiveCfg = Debug|x86
		{6C5AC7D6-8F24-4961-AC7B-27F902558CCD}.Debug|x86.Build.0 = Debug|x86
		{6C5AC7D6-8F24-4961-AC7B-27F902558CCD}.Debug|x86.Deploy.0 = Debug|x86
		{6C5AC7D6-8F24-4961-AC7B-27F902558CCD}.Release|Any CPU.ActiveCfg = Release|x86
		{6C5AC7D6-8F24-4961-AC7B-27F902558CCD}.Release|Any CPU.Build.0 = Release|x86
		{6C5AC7D6-8F24-4961-AC7B-27F902558CCD}.Release|Any CPU.Deploy.0 = Release|x86
		{6C5AC7D6-8F24-4961-AC7B-27F902558CCD}.Release|ARM.ActiveCfg = Release|ARM
		{6C5AC7D6-8F24-4961-AC7B-27F902558CCD}.Release|ARM.Build.0 = Release|ARM
		{6C5AC7D6-8F24-4961-AC7B-27F902558CCD}.Release|ARM.Deploy.0 = Release|ARM
		{6C5AC7D6-8F24-4961-AC7B-27F902558CCD}.Release|ARM64.ActiveCfg = Release|x86
		{6C5AC7D6-8F24-4961-AC7B-27F902558CCD}.Release|iPhone.ActiveCfg = Release|x86
		{6C5AC7D6-8F24-4961-AC7B-27F902558CCD}.Release|iPhone.Build.0 = Release|x86
		{6C5AC7D6-8F24-4961-AC7B-27F902558CCD}.Release|iPhone.Deploy.0 = Release|x86
		{6C5AC7D6-8F24-4961-AC7B-27F902558CCD}.Release|iPhoneSimulator.ActiveCfg = Release|x86
		{6C5AC7D6-8F24-4961-AC7B-27F902558CCD}.Release|iPhoneSimulator.Build.0 = Release|x86
		{6C5AC7D6-8F24-4961-AC7B-27F902558CCD}.Release|iPhoneSimulator.Deploy.0 = Release|x86
		{6C5AC7D6-8F24-4961-AC7B-27F902558CCD}.Release|x64.ActiveCfg = Release|x64
		{6C5AC7D6-8F24-4961-AC7B-27F902558CCD}.Release|x64.Build.0 = Release|x64
		{6C5AC7D6-8F24-4961-AC7B-27F902558CCD}.Release|x64.Deploy.0 = Release|x64
		{6C5AC7D6-8F24-4961-AC7B-27F902558CCD}.Release|x86.ActiveCfg = Release|x86
		{6C5AC7D6-8F24-4961-AC7B-27F902558CCD}.Release|x86.Build.0 = Release|x86
		{6C5AC7D6-8F24-4961-AC7B-27F902558CCD}.Release|x86.Deploy.0 = Release|x86
		{A8068659-D528-497C-A598-64F14BFA518D}.Ad-Hoc|Any CPU.ActiveCfg = Debug|Any CPU
		{A8068659-D528-497C-A598-64F14BFA518D}.Ad-Hoc|Any CPU.Build.0 = Debug|Any CPU
		{A8068659-D528-497C-A598-64F14BFA518D}.Ad-Hoc|Any CPU.Deploy.0 = Debug|Any CPU
		{A8068659-D528-497C-A598-64F14BFA518D}.Ad-Hoc|ARM.ActiveCfg = Debug|Any CPU
		{A8068659-D528-497C-A598-64F14BFA518D}.Ad-Hoc|ARM.Build.0 = Debug|Any CPU
		{A8068659-D528-497C-A598-64F14BFA518D}.Ad-Hoc|ARM.Deploy.0 = Debug|Any CPU
		{A8068659-D528-497C-A598-64F14BFA518D}.Ad-Hoc|ARM64.ActiveCfg = Release|Any CPU
		{A8068659-D528-497C-A598-64F14BFA518D}.Ad-Hoc|ARM64.Build.0 = Release|Any CPU
		{A8068659-D528-497C-A598-64F14BFA518D}.Ad-Hoc|iPhone.ActiveCfg = Debug|Any CPU
		{A8068659-D528-497C-A598-64F14BFA518D}.Ad-Hoc|iPhone.Build.0 = Debug|Any CPU
		{A8068659-D528-497C-A598-64F14BFA518D}.Ad-Hoc|iPhone.Deploy.0 = Debug|Any CPU
		{A8068659-D528-497C-A598-64F14BFA518D}.Ad-Hoc|iPhoneSimulator.ActiveCfg = Debug|Any CPU
		{A8068659-D528-497C-A598-64F14BFA518D}.Ad-Hoc|iPhoneSimulator.Build.0 = Debug|Any CPU
		{A8068659-D528-497C-A598-64F14BFA518D}.Ad-Hoc|iPhoneSimulator.Deploy.0 = Debug|Any CPU
		{A8068659-D528-497C-A598-64F14BFA518D}.Ad-Hoc|x64.ActiveCfg = Debug|Any CPU
		{A8068659-D528-497C-A598-64F14BFA518D}.Ad-Hoc|x64.Build.0 = Debug|Any CPU
		{A8068659-D528-497C-A598-64F14BFA518D}.Ad-Hoc|x64.Deploy.0 = Debug|Any CPU
		{A8068659-D528-497C-A598-64F14BFA518D}.Ad-Hoc|x86.ActiveCfg = Debug|Any CPU
		{A8068659-D528-497C-A598-64F14BFA518D}.Ad-Hoc|x86.Build.0 = Debug|Any CPU
		{A8068659-D528-497C-A598-64F14BFA518D}.Ad-Hoc|x86.Deploy.0 = Debug|Any CPU
		{A8068659-D528-497C-A598-64F14BFA518D}.AppStore|Any CPU.ActiveCfg = Debug|Any CPU
		{A8068659-D528-497C-A598-64F14BFA518D}.AppStore|Any CPU.Build.0 = Debug|Any CPU
		{A8068659-D528-497C-A598-64F14BFA518D}.AppStore|Any CPU.Deploy.0 = Debug|Any CPU
		{A8068659-D528-497C-A598-64F14BFA518D}.AppStore|ARM.ActiveCfg = Debug|Any CPU
		{A8068659-D528-497C-A598-64F14BFA518D}.AppStore|ARM.Build.0 = Debug|Any CPU
		{A8068659-D528-497C-A598-64F14BFA518D}.AppStore|ARM.Deploy.0 = Debug|Any CPU
		{A8068659-D528-497C-A598-64F14BFA518D}.AppStore|ARM64.ActiveCfg = Release|Any CPU
		{A8068659-D528-497C-A598-64F14BFA518D}.AppStore|ARM64.Build.0 = Release|Any CPU
		{A8068659-D528-497C-A598-64F14BFA518D}.AppStore|iPhone.ActiveCfg = Debug|Any CPU
		{A8068659-D528-497C-A598-64F14BFA518D}.AppStore|iPhone.Build.0 = Debug|Any CPU
		{A8068659-D528-497C-A598-64F14BFA518D}.AppStore|iPhone.Deploy.0 = Debug|Any CPU
		{A8068659-D528-497C-A598-64F14BFA518D}.AppStore|iPhoneSimulator.ActiveCfg = Debug|Any CPU
		{A8068659-D528-497C-A598-64F14BFA518D}.AppStore|iPhoneSimulator.Build.0 = Debug|Any CPU
		{A8068659-D528-497C-A598-64F14BFA518D}.AppStore|iPhoneSimulator.Deploy.0 = Debug|Any CPU
		{A8068659-D528-497C-A598-64F14BFA518D}.AppStore|x64.ActiveCfg = Debug|Any CPU
		{A8068659-D528-497C-A598-64F14BFA518D}.AppStore|x64.Build.0 = Debug|Any CPU
		{A8068659-D528-497C-A598-64F14BFA518D}.AppStore|x64.Deploy.0 = Debug|Any CPU
		{A8068659-D528-497C-A598-64F14BFA518D}.AppStore|x86.ActiveCfg = Debug|Any CPU
		{A8068659-D528-497C-A598-64F14BFA518D}.AppStore|x86.Build.0 = Debug|Any CPU
		{A8068659-D528-497C-A598-64F14BFA518D}.AppStore|x86.Deploy.0 = Debug|Any CPU
		{A8068659-D528-497C-A598-64F14BFA518D}.Debug|Any CPU.ActiveCfg = Debug|Any CPU
		{A8068659-D528-497C-A598-64F14BFA518D}.Debug|Any CPU.Build.0 = Debug|Any CPU
		{A8068659-D528-497C-A598-64F14BFA518D}.Debug|Any CPU.Deploy.0 = Debug|Any CPU
		{A8068659-D528-497C-A598-64F14BFA518D}.Debug|ARM.ActiveCfg = Debug|Any CPU
		{A8068659-D528-497C-A598-64F14BFA518D}.Debug|ARM.Build.0 = Debug|Any CPU
		{A8068659-D528-497C-A598-64F14BFA518D}.Debug|ARM.Deploy.0 = Debug|Any CPU
		{A8068659-D528-497C-A598-64F14BFA518D}.Debug|ARM64.ActiveCfg = Debug|Any CPU
		{A8068659-D528-497C-A598-64F14BFA518D}.Debug|ARM64.Build.0 = Debug|Any CPU
		{A8068659-D528-497C-A598-64F14BFA518D}.Debug|iPhone.ActiveCfg = Debug|Any CPU
		{A8068659-D528-497C-A598-64F14BFA518D}.Debug|iPhone.Build.0 = Debug|Any CPU
		{A8068659-D528-497C-A598-64F14BFA518D}.Debug|iPhone.Deploy.0 = Debug|Any CPU
		{A8068659-D528-497C-A598-64F14BFA518D}.Debug|iPhoneSimulator.ActiveCfg = Debug|Any CPU
		{A8068659-D528-497C-A598-64F14BFA518D}.Debug|iPhoneSimulator.Build.0 = Debug|Any CPU
		{A8068659-D528-497C-A598-64F14BFA518D}.Debug|iPhoneSimulator.Deploy.0 = Debug|Any CPU
		{A8068659-D528-497C-A598-64F14BFA518D}.Debug|x64.ActiveCfg = Debug|Any CPU
		{A8068659-D528-497C-A598-64F14BFA518D}.Debug|x64.Build.0 = Debug|Any CPU
		{A8068659-D528-497C-A598-64F14BFA518D}.Debug|x64.Deploy.0 = Debug|Any CPU
		{A8068659-D528-497C-A598-64F14BFA518D}.Debug|x86.ActiveCfg = Debug|Any CPU
		{A8068659-D528-497C-A598-64F14BFA518D}.Debug|x86.Build.0 = Debug|Any CPU
		{A8068659-D528-497C-A598-64F14BFA518D}.Debug|x86.Deploy.0 = Debug|Any CPU
		{A8068659-D528-497C-A598-64F14BFA518D}.Release|Any CPU.ActiveCfg = Release|Any CPU
		{A8068659-D528-497C-A598-64F14BFA518D}.Release|Any CPU.Build.0 = Release|Any CPU
		{A8068659-D528-497C-A598-64F14BFA518D}.Release|Any CPU.Deploy.0 = Release|Any CPU
		{A8068659-D528-497C-A598-64F14BFA518D}.Release|ARM.ActiveCfg = Release|Any CPU
		{A8068659-D528-497C-A598-64F14BFA518D}.Release|ARM.Build.0 = Release|Any CPU
		{A8068659-D528-497C-A598-64F14BFA518D}.Release|ARM.Deploy.0 = Release|Any CPU
		{A8068659-D528-497C-A598-64F14BFA518D}.Release|ARM64.ActiveCfg = Release|Any CPU
		{A8068659-D528-497C-A598-64F14BFA518D}.Release|ARM64.Build.0 = Release|Any CPU
		{A8068659-D528-497C-A598-64F14BFA518D}.Release|iPhone.ActiveCfg = Release|Any CPU
		{A8068659-D528-497C-A598-64F14BFA518D}.Release|iPhone.Build.0 = Release|Any CPU
		{A8068659-D528-497C-A598-64F14BFA518D}.Release|iPhone.Deploy.0 = Release|Any CPU
		{A8068659-D528-497C-A598-64F14BFA518D}.Release|iPhoneSimulator.ActiveCfg = Release|Any CPU
		{A8068659-D528-497C-A598-64F14BFA518D}.Release|iPhoneSimulator.Build.0 = Release|Any CPU
		{A8068659-D528-497C-A598-64F14BFA518D}.Release|iPhoneSimulator.Deploy.0 = Release|Any CPU
		{A8068659-D528-497C-A598-64F14BFA518D}.Release|x64.ActiveCfg = Release|Any CPU
		{A8068659-D528-497C-A598-64F14BFA518D}.Release|x64.Build.0 = Release|Any CPU
		{A8068659-D528-497C-A598-64F14BFA518D}.Release|x64.Deploy.0 = Release|Any CPU
		{A8068659-D528-497C-A598-64F14BFA518D}.Release|x86.ActiveCfg = Release|Any CPU
		{A8068659-D528-497C-A598-64F14BFA518D}.Release|x86.Build.0 = Release|Any CPU
		{A8068659-D528-497C-A598-64F14BFA518D}.Release|x86.Deploy.0 = Release|Any CPU
		{7FC5E527-55DF-42E7-B3F0-816BB72FAE27}.Ad-Hoc|Any CPU.ActiveCfg = Debug|Any CPU
		{7FC5E527-55DF-42E7-B3F0-816BB72FAE27}.Ad-Hoc|Any CPU.Build.0 = Debug|Any CPU
		{7FC5E527-55DF-42E7-B3F0-816BB72FAE27}.Ad-Hoc|Any CPU.Deploy.0 = Debug|Any CPU
		{7FC5E527-55DF-42E7-B3F0-816BB72FAE27}.Ad-Hoc|ARM.ActiveCfg = Release|ARM
		{7FC5E527-55DF-42E7-B3F0-816BB72FAE27}.Ad-Hoc|ARM.Build.0 = Release|ARM
		{7FC5E527-55DF-42E7-B3F0-816BB72FAE27}.Ad-Hoc|ARM.Deploy.0 = Release|ARM
		{7FC5E527-55DF-42E7-B3F0-816BB72FAE27}.Ad-Hoc|ARM64.ActiveCfg = Release|ARM64
		{7FC5E527-55DF-42E7-B3F0-816BB72FAE27}.Ad-Hoc|ARM64.Build.0 = Release|ARM64
		{7FC5E527-55DF-42E7-B3F0-816BB72FAE27}.Ad-Hoc|ARM64.Deploy.0 = Release|ARM64
		{7FC5E527-55DF-42E7-B3F0-816BB72FAE27}.Ad-Hoc|iPhone.ActiveCfg = Debug|Any CPU
		{7FC5E527-55DF-42E7-B3F0-816BB72FAE27}.Ad-Hoc|iPhone.Build.0 = Debug|Any CPU
		{7FC5E527-55DF-42E7-B3F0-816BB72FAE27}.Ad-Hoc|iPhone.Deploy.0 = Debug|Any CPU
		{7FC5E527-55DF-42E7-B3F0-816BB72FAE27}.Ad-Hoc|iPhoneSimulator.ActiveCfg = Debug|Any CPU
		{7FC5E527-55DF-42E7-B3F0-816BB72FAE27}.Ad-Hoc|iPhoneSimulator.Build.0 = Debug|Any CPU
		{7FC5E527-55DF-42E7-B3F0-816BB72FAE27}.Ad-Hoc|iPhoneSimulator.Deploy.0 = Debug|Any CPU
		{7FC5E527-55DF-42E7-B3F0-816BB72FAE27}.Ad-Hoc|x64.ActiveCfg = Release|x64
		{7FC5E527-55DF-42E7-B3F0-816BB72FAE27}.Ad-Hoc|x64.Build.0 = Release|x64
		{7FC5E527-55DF-42E7-B3F0-816BB72FAE27}.Ad-Hoc|x64.Deploy.0 = Release|x64
		{7FC5E527-55DF-42E7-B3F0-816BB72FAE27}.Ad-Hoc|x86.ActiveCfg = Release|x86
		{7FC5E527-55DF-42E7-B3F0-816BB72FAE27}.Ad-Hoc|x86.Build.0 = Release|x86
		{7FC5E527-55DF-42E7-B3F0-816BB72FAE27}.Ad-Hoc|x86.Deploy.0 = Release|x86
		{7FC5E527-55DF-42E7-B3F0-816BB72FAE27}.AppStore|Any CPU.ActiveCfg = Debug|Any CPU
		{7FC5E527-55DF-42E7-B3F0-816BB72FAE27}.AppStore|Any CPU.Build.0 = Debug|Any CPU
		{7FC5E527-55DF-42E7-B3F0-816BB72FAE27}.AppStore|Any CPU.Deploy.0 = Debug|Any CPU
		{7FC5E527-55DF-42E7-B3F0-816BB72FAE27}.AppStore|ARM.ActiveCfg = Release|ARM
		{7FC5E527-55DF-42E7-B3F0-816BB72FAE27}.AppStore|ARM.Build.0 = Release|ARM
		{7FC5E527-55DF-42E7-B3F0-816BB72FAE27}.AppStore|ARM.Deploy.0 = Release|ARM
		{7FC5E527-55DF-42E7-B3F0-816BB72FAE27}.AppStore|ARM64.ActiveCfg = Release|ARM64
		{7FC5E527-55DF-42E7-B3F0-816BB72FAE27}.AppStore|ARM64.Build.0 = Release|ARM64
		{7FC5E527-55DF-42E7-B3F0-816BB72FAE27}.AppStore|ARM64.Deploy.0 = Release|ARM64
		{7FC5E527-55DF-42E7-B3F0-816BB72FAE27}.AppStore|iPhone.ActiveCfg = Debug|Any CPU
		{7FC5E527-55DF-42E7-B3F0-816BB72FAE27}.AppStore|iPhone.Build.0 = Debug|Any CPU
		{7FC5E527-55DF-42E7-B3F0-816BB72FAE27}.AppStore|iPhone.Deploy.0 = Debug|Any CPU
		{7FC5E527-55DF-42E7-B3F0-816BB72FAE27}.AppStore|iPhoneSimulator.ActiveCfg = Debug|Any CPU
		{7FC5E527-55DF-42E7-B3F0-816BB72FAE27}.AppStore|iPhoneSimulator.Build.0 = Debug|Any CPU
		{7FC5E527-55DF-42E7-B3F0-816BB72FAE27}.AppStore|iPhoneSimulator.Deploy.0 = Debug|Any CPU
		{7FC5E527-55DF-42E7-B3F0-816BB72FAE27}.AppStore|x64.ActiveCfg = Release|x64
		{7FC5E527-55DF-42E7-B3F0-816BB72FAE27}.AppStore|x64.Build.0 = Release|x64
		{7FC5E527-55DF-42E7-B3F0-816BB72FAE27}.AppStore|x64.Deploy.0 = Release|x64
		{7FC5E527-55DF-42E7-B3F0-816BB72FAE27}.AppStore|x86.ActiveCfg = Release|x86
		{7FC5E527-55DF-42E7-B3F0-816BB72FAE27}.AppStore|x86.Build.0 = Release|x86
		{7FC5E527-55DF-42E7-B3F0-816BB72FAE27}.AppStore|x86.Deploy.0 = Release|x86
		{7FC5E527-55DF-42E7-B3F0-816BB72FAE27}.Debug|Any CPU.ActiveCfg = Debug|Any CPU
		{7FC5E527-55DF-42E7-B3F0-816BB72FAE27}.Debug|ARM.ActiveCfg = Debug|ARM
		{7FC5E527-55DF-42E7-B3F0-816BB72FAE27}.Debug|ARM.Build.0 = Debug|ARM
		{7FC5E527-55DF-42E7-B3F0-816BB72FAE27}.Debug|ARM.Deploy.0 = Debug|ARM
		{7FC5E527-55DF-42E7-B3F0-816BB72FAE27}.Debug|ARM64.ActiveCfg = Debug|ARM64
		{7FC5E527-55DF-42E7-B3F0-816BB72FAE27}.Debug|ARM64.Build.0 = Debug|ARM64
		{7FC5E527-55DF-42E7-B3F0-816BB72FAE27}.Debug|ARM64.Deploy.0 = Debug|ARM64
		{7FC5E527-55DF-42E7-B3F0-816BB72FAE27}.Debug|iPhone.ActiveCfg = Debug|Any CPU
		{7FC5E527-55DF-42E7-B3F0-816BB72FAE27}.Debug|iPhone.Build.0 = Debug|Any CPU
		{7FC5E527-55DF-42E7-B3F0-816BB72FAE27}.Debug|iPhone.Deploy.0 = Debug|Any CPU
		{7FC5E527-55DF-42E7-B3F0-816BB72FAE27}.Debug|iPhoneSimulator.ActiveCfg = Debug|Any CPU
		{7FC5E527-55DF-42E7-B3F0-816BB72FAE27}.Debug|iPhoneSimulator.Build.0 = Debug|Any CPU
		{7FC5E527-55DF-42E7-B3F0-816BB72FAE27}.Debug|iPhoneSimulator.Deploy.0 = Debug|Any CPU
		{7FC5E527-55DF-42E7-B3F0-816BB72FAE27}.Debug|x64.ActiveCfg = Debug|x64
		{7FC5E527-55DF-42E7-B3F0-816BB72FAE27}.Debug|x64.Build.0 = Debug|x64
		{7FC5E527-55DF-42E7-B3F0-816BB72FAE27}.Debug|x64.Deploy.0 = Debug|x64
		{7FC5E527-55DF-42E7-B3F0-816BB72FAE27}.Debug|x86.ActiveCfg = Debug|x86
		{7FC5E527-55DF-42E7-B3F0-816BB72FAE27}.Debug|x86.Build.0 = Debug|x86
		{7FC5E527-55DF-42E7-B3F0-816BB72FAE27}.Debug|x86.Deploy.0 = Debug|x86
		{7FC5E527-55DF-42E7-B3F0-816BB72FAE27}.Release|Any CPU.ActiveCfg = Release|Any CPU
		{7FC5E527-55DF-42E7-B3F0-816BB72FAE27}.Release|Any CPU.Build.0 = Release|Any CPU
		{7FC5E527-55DF-42E7-B3F0-816BB72FAE27}.Release|Any CPU.Deploy.0 = Release|Any CPU
		{7FC5E527-55DF-42E7-B3F0-816BB72FAE27}.Release|ARM.ActiveCfg = Release|ARM
		{7FC5E527-55DF-42E7-B3F0-816BB72FAE27}.Release|ARM.Build.0 = Release|ARM
		{7FC5E527-55DF-42E7-B3F0-816BB72FAE27}.Release|ARM.Deploy.0 = Release|ARM
		{7FC5E527-55DF-42E7-B3F0-816BB72FAE27}.Release|ARM64.ActiveCfg = Release|ARM64
		{7FC5E527-55DF-42E7-B3F0-816BB72FAE27}.Release|ARM64.Build.0 = Release|ARM64
		{7FC5E527-55DF-42E7-B3F0-816BB72FAE27}.Release|ARM64.Deploy.0 = Release|ARM64
		{7FC5E527-55DF-42E7-B3F0-816BB72FAE27}.Release|iPhone.ActiveCfg = Release|Any CPU
		{7FC5E527-55DF-42E7-B3F0-816BB72FAE27}.Release|iPhone.Build.0 = Release|Any CPU
		{7FC5E527-55DF-42E7-B3F0-816BB72FAE27}.Release|iPhone.Deploy.0 = Release|Any CPU
		{7FC5E527-55DF-42E7-B3F0-816BB72FAE27}.Release|iPhoneSimulator.ActiveCfg = Release|Any CPU
		{7FC5E527-55DF-42E7-B3F0-816BB72FAE27}.Release|iPhoneSimulator.Build.0 = Release|Any CPU
		{7FC5E527-55DF-42E7-B3F0-816BB72FAE27}.Release|iPhoneSimulator.Deploy.0 = Release|Any CPU
		{7FC5E527-55DF-42E7-B3F0-816BB72FAE27}.Release|x64.ActiveCfg = Release|x64
		{7FC5E527-55DF-42E7-B3F0-816BB72FAE27}.Release|x64.Build.0 = Release|x64
		{7FC5E527-55DF-42E7-B3F0-816BB72FAE27}.Release|x64.Deploy.0 = Release|x64
		{7FC5E527-55DF-42E7-B3F0-816BB72FAE27}.Release|x86.ActiveCfg = Release|x86
		{7FC5E527-55DF-42E7-B3F0-816BB72FAE27}.Release|x86.Build.0 = Release|x86
		{7FC5E527-55DF-42E7-B3F0-816BB72FAE27}.Release|x86.Deploy.0 = Release|x86
	EndGlobalSection
	GlobalSection(SolutionProperties) = preSolution
		HideSolutionNode = FALSE
	EndGlobalSection
	GlobalSection(ExtensibilityGlobals) = postSolution
		SolutionGuid = {995E550C-A821-4E76-B5E8-E268761983F3}
	EndGlobalSection
EndGlobal
